{
  "name": "username-generator",
  "lockfileVersion": 3,
  "requires": true,
  "packages": {
    "": {
      "devDependencies": {
        "@jrc03c/fs-extras": "^0.0.9",
        "@jrc03c/js-csv-helpers": "^0.0.18",
        "@jrc03c/js-math-tools": "^0.0.47",
        "@jrc03c/js-text-tools": "^0.0.11",
        "@jrc03c/progress": "^0.0.2"
      }
    },
    "node_modules/@jrc03c/bash-colors": {
      "version": "0.0.3",
      "resolved": "https://registry.npmjs.org/@jrc03c/bash-colors/-/bash-colors-0.0.3.tgz",
      "integrity": "sha512-CHijOmwR7GS85v1Ur6kle3g2Q1/1mbySCCZyvrLw0hVOl41NihBA52lq/feLWANvylotLjQjdzQi+MQ4GhNh9Q==",
      "dev": true
    },
    "node_modules/@jrc03c/fs-extras": {
      "version": "0.0.9",
      "resolved": "https://registry.npmjs.org/@jrc03c/fs-extras/-/fs-extras-0.0.9.tgz",
      "integrity": "sha512-8dilv5mDseT/VqkRcjtUadWRWLearDWnZ94NF/Qsl02VkkJG7OQDeXXbpKgpVcICGUXFEww+N5pK282xv9aNpA==",
      "dev": true,
      "dependencies": {
        "@jrc03c/js-math-tools": "github:jrc03c/js-math-tools"
      }
    },
    "node_modules/@jrc03c/js-csv-helpers": {
      "version": "0.0.18",
      "resolved": "https://registry.npmjs.org/@jrc03c/js-csv-helpers/-/js-csv-helpers-0.0.18.tgz",
      "integrity": "sha512-xwtA0jT62E3Wl2T/xj/J9ysm8EjpvJ54Dtw43vVQ+j2Enhjsy0z9lQlMCaL1RhkqnqUqgOTv/n6GqZDvNpYy9g==",
      "dev": true,
      "dependencies": {
        "@jrc03c/js-math-tools": "^0.0.41",
        "papaparse": "5.3.2"
      }
    },
    "node_modules/@jrc03c/js-csv-helpers/node_modules/@jrc03c/js-math-tools": {
      "version": "0.0.41",
      "resolved": "https://registry.npmjs.org/@jrc03c/js-math-tools/-/js-math-tools-0.0.41.tgz",
      "integrity": "sha512-/Bst8oeXZjmjRFtYwrxUo/41tKi2A0iqMpbGqNDs1WMRvg6WTq6rFCKXnRCdwbiwEhf55XFesVwdMjgZfWEHDQ==",
      "dev": true
    },
    "node_modules/@jrc03c/js-math-tools": {
      "version": "0.0.47",
      "resolved": "git+ssh://git@github.com/jrc03c/js-math-tools.git#b771bd7793be9add6c3e8797e9c0ff01cb2134c4",
      "dev": true,
      "license": "ISC"
    },
    "node_modules/@jrc03c/js-text-tools": {
      "version": "0.0.11",
      "resolved": "https://registry.npmjs.org/@jrc03c/js-text-tools/-/js-text-tools-0.0.11.tgz",
      "integrity": "sha512-iVAUX2qHag4ljuK2m2HTxCBWrf/Ok69YsAQ+7YFSXw48alH7cmlBuMkPl+n2e7mvWpuLHjQY82H6J40z7NQI7g==",
      "dev": true,
      "dependencies": {
        "@jrc03c/bash-colors": "^0.0.3",
        "@jrc03c/js-math-tools": "github:jrc03c/js-math-tools"
      },
      "bin": {
        "camel": "src/camelify-bin.js",
        "camelify": "src/camelify-bin.js",
        "indent": "src/indent-bin.js",
        "kebab": "src/kebabify-bin.js",
        "kebabify": "src/kebabify-bin.js",
        "snake": "src/snakeify-bin.js",
        "snakeify": "src/snakeify-bin.js",
        "unindent": "src/unindent-bin.js",
        "wrap": "src/wrap-bin.js"
      }
    },
    "node_modules/@jrc03c/progress": {
      "version": "0.0.2",
      "resolved": "https://registry.npmjs.org/@jrc03c/progress/-/progress-0.0.2.tgz",
      "integrity": "sha512-tThg+yTwp6OfThQEDqjigpuuhVG4izGLDyQr+Ci3wvSgzon/kB855SScxuytv1fXeja9uRM2wzyMl+m6hE1FZQ==",
      "dev": true
    },
    "node_modules/papaparse": {
      "version": "5.3.2",
      "resolved": "https://registry.npmjs.org/papaparse/-/papaparse-5.3.2.tgz",
      "integrity": "sha512-6dNZu0Ki+gyV0eBsFKJhYr+MdQYAzFUGlBMNj3GNrmHxmz1lfRa24CjFObPXtjcetlOv5Ad299MhIK0znp3afw==",
      "dev": true
    }
  }
}
